
Microsoft Visual Studio Solution File, Format Version 12.00
# Visual Studio 14
VisualStudioVersion = 14.0.23107.0
MinimumVisualStudioVersion = 10.0.40219.1
Project("{FAE04EC0-301F-11D3-BF4B-00C04F79EFBC}") = "TeacherControlWeb", "TeacherControlWeb\TeacherControlWeb.csproj", "{C10B9496-AEBA-41AC-8F35-0634EA54DA9C}"
EndProject
Project("{FAE04EC0-301F-11D3-BF4B-00C04F79EFBC}") = "DAL", "..\..\..\Source\teacher\TeacherControl\DAL\DAL.csproj", "{08DF9BAA-64E6-44D0-BD8F-5020B3834930}"
EndProject
Project("{FAE04EC0-301F-11D3-BF4B-00C04F79EFBC}") = "BLL", "..\..\..\Source\Repos\TeacherControl2016\BLL\BLL.csproj", "{F7BD6C3B-6364-490F-B271-D7B6D85CEB4E}"
EndProject
Global
	GlobalSection(SolutionConfigurationPlatforms) = preSolution
		Debug|Any CPU = Debug|Any CPU
		Release|Any CPU = Release|Any CPU
	EndGlobalSection
	GlobalSection(ProjectConfigurationPlatforms) = postSolution
		{C10B9496-AEBA-41AC-8F35-0634EA54DA9C}.Debug|Any CPU.ActiveCfg = Debug|Any CPU
		{C10B9496-AEBA-41AC-8F35-0634EA54DA9C}.Debug|Any CPU.Build.0 = Debug|Any CPU
		{C10B9496-AEBA-41AC-8F35-0634EA54DA9C}.Release|Any CPU.ActiveCfg = Release|Any CPU
		{C10B9496-AEBA-41AC-8F35-0634EA54DA9C}.Release|Any CPU.Build.0 = Release|Any CPU
		{08DF9BAA-64E6-44D0-BD8F-5020B3834930}.Debug|Any CPU.ActiveCfg = Debug|Any CPU
		{08DF9BAA-64E6-44D0-BD8F-5020B3834930}.Debug|Any CPU.Build.0 = Debug|Any CPU
		{08DF9BAA-64E6-44D0-BD8F-5020B3834930}.Release|Any CPU.ActiveCfg = Release|Any CPU
		{08DF9BAA-64E6-44D0-BD8F-5020B3834930}.Release|Any CPU.Build.0 = Release|Any CPU
		{F7BD6C3B-6364-490F-B271-D7B6D85CEB4E}.Debug|Any CPU.ActiveCfg = Debug|Any CPU
		{F7BD6C3B-6364-490F-B271-D7B6D85CEB4E}.Debug|Any CPU.Build.0 = Debug|Any CPU
		{F7BD6C3B-6364-490F-B271-D7B6D85CEB4E}.Release|Any CPU.ActiveCfg = Release|Any CPU
		{F7BD6C3B-6364-490F-B271-D7B6D85CEB4E}.Release|Any CPU.Build.0 = Release|Any CPU
	EndGlobalSection
	GlobalSection(SolutionProperties) = preSolution
		HideSolutionNode = FALSE
	EndGlobalSection
EndGlobal
